
Microsoft Visual Studio Solution File, Format Version 12.00
# Visual Studio Version 16
VisualStudioVersion = 16.0.30717.126
MinimumVisualStudioVersion = 10.0.40219.1
Project("{FAE04EC0-301F-11D3-BF4B-00C04F79EFBC}") = "LibreriaTest", "LibreriaTest\LibreriaTest.csproj", "{F2BCB075-3D60-4F41-85BC-B58107767338}"
EndProject
Project("{FAE04EC0-301F-11D3-BF4B-00C04F79EFBC}") = "Test_LibreriaTest", "Test_LibreriaTest\Test_LibreriaTest.csproj", "{80B3BF84-38CA-4DB7-A93F-F4632E75D9B8}"
EndProject
Global
	GlobalSection(SolutionConfigurationPlatforms) = preSolution
		Debug|Any CPU = Debug|Any CPU
		Release|Any CPU = Release|Any CPU
	EndGlobalSection
	GlobalSection(ProjectConfigurationPlatforms) = postSolution
		{F2BCB075-3D60-4F41-85BC-B58107767338}.Debug|Any CPU.ActiveCfg = Debug|Any CPU
		{F2BCB075-3D60-4F41-85BC-B58107767338}.Debug|Any CPU.Build.0 = Debug|Any CPU
		{F2BCB075-3D60-4F41-85BC-B58107767338}.Release|Any CPU.ActiveCfg = Release|Any CPU
		{F2BCB075-3D60-4F41-85BC-B58107767338}.Release|Any CPU.Build.0 = Release|Any CPU
		{80B3BF84-38CA-4DB7-A93F-F4632E75D9B8}.Debug|Any CPU.ActiveCfg = Debug|Any CPU
		{80B3BF84-38CA-4DB7-A93F-F4632E75D9B8}.Debug|Any CPU.Build.0 = Debug|Any CPU
		{80B3BF84-38CA-4DB7-A93F-F4632E75D9B8}.Release|Any CPU.ActiveCfg = Release|Any CPU
		{80B3BF84-38CA-4DB7-A93F-F4632E75D9B8}.Release|Any CPU.Build.0 = Release|Any CPU
	EndGlobalSection
	GlobalSection(SolutionProperties) = preSolution
		HideSolutionNode = FALSE
	EndGlobalSection
	GlobalSection(ExtensibilityGlobals) = postSolution
		SolutionGuid = {68E43D6A-E575-4DEC-BE58-C6FDFD0DF55C}
	EndGlobalSection
EndGlobal
